
Microsoft Visual Studio Solution File, Format Version 12.00
# Visual Studio Version 17
VisualStudioVersion = 17.7.34202.233
MinimumVisualStudioVersion = 10.0.40219.1
Project("{FAE04EC0-301F-11D3-BF4B-00C04F79EFBC}") = "MinimalApi.Api", "MinimalApi.Api\MinimalApi.Api.csproj", "{A05EF724-AE14-44D6-90F1-6B112D9C7D9D}"
EndProject
Global
	GlobalSection(SolutionConfigurationPlatforms) = preSolution
		Debug|Any CPU = Debug|Any CPU
		Release|Any CPU = Release|Any CPU
	EndGlobalSection
	GlobalSection(ProjectConfigurationPlatforms) = postSolution
		{A05EF724-AE14-44D6-90F1-6B112D9C7D9D}.Debug|Any CPU.ActiveCfg = Debug|Any CPU
		{A05EF724-AE14-44D6-90F1-6B112D9C7D9D}.Debug|Any CPU.Build.0 = Debug|Any CPU
		{A05EF724-AE14-44D6-90F1-6B112D9C7D9D}.Release|Any CPU.ActiveCfg = Release|Any CPU
		{A05EF724-AE14-44D6-90F1-6B112D9C7D9D}.Release|Any CPU.Build.0 = Release|Any CPU
	EndGlobalSection
	GlobalSection(SolutionProperties) = preSolution
		HideSolutionNode = FALSE
	EndGlobalSection
	GlobalSection(ExtensibilityGlobals) = postSolution
		SolutionGuid = {1A7BEC2C-DCCD-47A3-AE8B-939175D0BF53}
	EndGlobalSection
EndGlobal
